// !$*UTF8*$!
{
	archiveVersion = 1;
	classes = {
	};
	objectVersion = 46;
	objects = {

/* Begin PBXBuildFile section */
		41A331851E6FB71500CCD409 /* main.m in Sources */ = {isa = PBXBuildFile; fileRef = 41A331841E6FB71500CCD409 /* main.m */; };
		41A331881E6FB71500CCD409 /* AppDelegate.m in Sources */ = {isa = PBXBuildFile; fileRef = 41A331871E6FB71500CCD409 /* AppDelegate.m */; };
		41A3318E1E6FB71500CCD409 /* Main.storyboard in Resources */ = {isa = PBXBuildFile; fileRef = 41A3318C1E6FB71500CCD409 /* Main.storyboard */; };
		41A331901E6FB71500CCD409 /* Assets.xcassets in Resources */ = {isa = PBXBuildFile; fileRef = 41A3318F1E6FB71500CCD409 /* Assets.xcassets */; };
		41A331931E6FB71500CCD409 /* LaunchScreen.storyboard in Resources */ = {isa = PBXBuildFile; fileRef = 41A331911E6FB71500CCD409 /* LaunchScreen.storyboard */; };
		41A331A61E6FB79800CCD409 /* Cloth.m in Sources */ = {isa = PBXBuildFile; fileRef = 41A3319B1E6FB79800CCD409 /* Cloth.m */; };
		41A331A71E6FB79800CCD409 /* Drink.m in Sources */ = {isa = PBXBuildFile; fileRef = 41A3319D1E6FB79800CCD409 /* Drink.m */; };
		41A331A81E6FB79800CCD409 /* Food.m in Sources */ = {isa = PBXBuildFile; fileRef = 41A3319F1E6FB79800CCD409 /* Food.m */; };
		41A331A91E6FB79800CCD409 /* Material.m in Sources */ = {isa = PBXBuildFile; fileRef = 41A331A11E6FB79800CCD409 /* Material.m */; };
		41A331AA1E6FB79800CCD409 /* Product.m in Sources */ = {isa = PBXBuildFile; fileRef = 41A331A31E6FB79800CCD409 /* Product.m */; };
		41A331AB1E6FB79800CCD409 /* ShoppingCart.m in Sources */ = {isa = PBXBuildFile; fileRef = 41A331A51E6FB79800CCD409 /* ShoppingCart.m */; };
		41F7DC331E76641D00D3F497 /* ItemsListTableViewCell.m in Sources */ = {isa = PBXBuildFile; fileRef = 41F7DC321E76641D00D3F497 /* ItemsListTableViewCell.m */; };
		41F7DC3A1E766A5500D3F497 /* ItemListViewController.m in Sources */ = {isa = PBXBuildFile; fileRef = 41F7DC391E766A5500D3F497 /* ItemListViewController.m */; };
		41F7DC611E778D9800D3F497 /* MainTableViewController.m in Sources */ = {isa = PBXBuildFile; fileRef = 41F7DC601E778D9800D3F497 /* MainTableViewController.m */; };
		41F7DC641E778EEE00D3F497 /* MainTableViewCell.m in Sources */ = {isa = PBXBuildFile; fileRef = 41F7DC631E778EEE00D3F497 /* MainTableViewCell.m */; };
		41F7DC671E77C74400D3F497 /* DrinkTableViewCell.m in Sources */ = {isa = PBXBuildFile; fileRef = 41F7DC661E77C74400D3F497 /* DrinkTableViewCell.m */; };
		41F7DC6A1E77C75E00D3F497 /* DrinkTableViewController.m in Sources */ = {isa = PBXBuildFile; fileRef = 41F7DC691E77C75E00D3F497 /* DrinkTableViewController.m */; };
		41F7DC6D1E77D32A00D3F497 /* ClothTableViewController.m in Sources */ = {isa = PBXBuildFile; fileRef = 41F7DC6C1E77D32A00D3F497 /* ClothTableViewController.m */; };
		41F7DC701E77D33C00D3F497 /* ClothTableViewCell.m in Sources */ = {isa = PBXBuildFile; fileRef = 41F7DC6F1E77D33C00D3F497 /* ClothTableViewCell.m */; };
		41F7DC731E77D34900D3F497 /* FoodTableViewCell.m in Sources */ = {isa = PBXBuildFile; fileRef = 41F7DC721E77D34900D3F497 /* FoodTableViewCell.m */; };
		41F7DC761E77D36A00D3F497 /* FoodTableViewController.m in Sources */ = {isa = PBXBuildFile; fileRef = 41F7DC751E77D36A00D3F497 /* FoodTableViewController.m */; };
/* End PBXBuildFile section */

/* Begin PBXFileReference section */
		41A331801E6FB71500CCD409 /* ShoppingCartTableView.app */ = {isa = PBXFileReference; explicitFileType = wrapper.application; includeInIndex = 0; path = ShoppingCartTableView.app; sourceTree = BUILT_PRODUCTS_DIR; };
		41A331841E6FB71500CCD409 /* main.m */ = {isa = PBXFileReference; lastKnownFileType = sourcecode.c.objc; path = main.m; sourceTree = "<group>"; };
		41A331861E6FB71500CCD409 /* AppDelegate.h */ = {isa = PBXFileReference; lastKnownFileType = sourcecode.c.h; path = AppDelegate.h; sourceTree = "<group>"; };
		41A331871E6FB71500CCD409 /* AppDelegate.m */ = {isa = PBXFileReference; lastKnownFileType = sourcecode.c.objc; path = AppDelegate.m; sourceTree = "<group>"; };
		41A3318D1E6FB71500CCD409 /* Base */ = {isa = PBXFileReference; lastKnownFileType = file.storyboard; name = Base; path = Base.lproj/Main.storyboard; sourceTree = "<group>"; };
		41A3318F1E6FB71500CCD409 /* Assets.xcassets */ = {isa = PBXFileReference; lastKnownFileType = folder.assetcatalog; path = Assets.xcassets; sourceTree = "<group>"; };
		41A331921E6FB71500CCD409 /* Base */ = {isa = PBXFileReference; lastKnownFileType = file.storyboard; name = Base; path = Base.lproj/LaunchScreen.storyboard; sourceTree = "<group>"; };
		41A331941E6FB71500CCD409 /* Info.plist */ = {isa = PBXFileReference; lastKnownFileType = text.plist.xml; path = Info.plist; sourceTree = "<group>"; };
		41A3319A1E6FB79800CCD409 /* Cloth.h */ = {isa = PBXFileReference; fileEncoding = 4; lastKnownFileType = sourcecode.c.h; path = Cloth.h; sourceTree = "<group>"; };
		41A3319B1E6FB79800CCD409 /* Cloth.m */ = {isa = PBXFileReference; fileEncoding = 4; lastKnownFileType = sourcecode.c.objc; path = Cloth.m; sourceTree = "<group>"; };
		41A3319C1E6FB79800CCD409 /* Drink.h */ = {isa = PBXFileReference; fileEncoding = 4; lastKnownFileType = sourcecode.c.h; path = Drink.h; sourceTree = "<group>"; };
		41A3319D1E6FB79800CCD409 /* Drink.m */ = {isa = PBXFileReference; fileEncoding = 4; lastKnownFileType = sourcecode.c.objc; path = Drink.m; sourceTree = "<group>"; };
		41A3319E1E6FB79800CCD409 /* Food.h */ = {isa = PBXFileReference; fileEncoding = 4; lastKnownFileType = sourcecode.c.h; path = Food.h; sourceTree = "<group>"; };
		41A3319F1E6FB79800CCD409 /* Food.m */ = {isa = PBXFileReference; fileEncoding = 4; lastKnownFileType = sourcecode.c.objc; path = Food.m; sourceTree = "<group>"; };
		41A331A01E6FB79800CCD409 /* Material.h */ = {isa = PBXFileReference; fileEncoding = 4; lastKnownFileType = sourcecode.c.h; path = Material.h; sourceTree = "<group>"; };
		41A331A11E6FB79800CCD409 /* Material.m */ = {isa = PBXFileReference; fileEncoding = 4; lastKnownFileType = sourcecode.c.objc; path = Material.m; sourceTree = "<group>"; };
		41A331A21E6FB79800CCD409 /* Product.h */ = {isa = PBXFileReference; fileEncoding = 4; lastKnownFileType = sourcecode.c.h; path = Product.h; sourceTree = "<group>"; };
		41A331A31E6FB79800CCD409 /* Product.m */ = {isa = PBXFileReference; fileEncoding = 4; lastKnownFileType = sourcecode.c.objc; path = Product.m; sourceTree = "<group>"; };
		41A331A41E6FB79800CCD409 /* ShoppingCart.h */ = {isa = PBXFileReference; fileEncoding = 4; lastKnownFileType = sourcecode.c.h; path = ShoppingCart.h; sourceTree = "<group>"; };
		41A331A51E6FB79800CCD409 /* ShoppingCart.m */ = {isa = PBXFileReference; fileEncoding = 4; lastKnownFileType = sourcecode.c.objc; path = ShoppingCart.m; sourceTree = "<group>"; };
		41F7DC311E76641D00D3F497 /* ItemsListTableViewCell.h */ = {isa = PBXFileReference; fileEncoding = 4; lastKnownFileType = sourcecode.c.h; path = ItemsListTableViewCell.h; sourceTree = "<group>"; };
		41F7DC321E76641D00D3F497 /* ItemsListTableViewCell.m */ = {isa = PBXFileReference; fileEncoding = 4; lastKnownFileType = sourcecode.c.objc; path = ItemsListTableViewCell.m; sourceTree = "<group>"; };
		41F7DC381E766A5500D3F497 /* ItemListViewController.h */ = {isa = PBXFileReference; fileEncoding = 4; lastKnownFileType = sourcecode.c.h; path = ItemListViewController.h; sourceTree = "<group>"; };
		41F7DC391E766A5500D3F497 /* ItemListViewController.m */ = {isa = PBXFileReference; fileEncoding = 4; lastKnownFileType = sourcecode.c.objc; path = ItemListViewController.m; sourceTree = "<group>"; };
		41F7DC5F1E778D9800D3F497 /* MainTableViewController.h */ = {isa = PBXFileReference; fileEncoding = 4; lastKnownFileType = sourcecode.c.h; path = MainTableViewController.h; sourceTree = "<group>"; };
		41F7DC601E778D9800D3F497 /* MainTableViewController.m */ = {isa = PBXFileReference; fileEncoding = 4; lastKnownFileType = sourcecode.c.objc; path = MainTableViewController.m; sourceTree = "<group>"; };
		41F7DC621E778EEE00D3F497 /* MainTableViewCell.h */ = {isa = PBXFileReference; fileEncoding = 4; lastKnownFileType = sourcecode.c.h; path = MainTableViewCell.h; sourceTree = "<group>"; };
		41F7DC631E778EEE00D3F497 /* MainTableViewCell.m */ = {isa = PBXFileReference; fileEncoding = 4; lastKnownFileType = sourcecode.c.objc; path = MainTableViewCell.m; sourceTree = "<group>"; };
		41F7DC651E77C74400D3F497 /* DrinkTableViewCell.h */ = {isa = PBXFileReference; fileEncoding = 4; lastKnownFileType = sourcecode.c.h; path = DrinkTableViewCell.h; sourceTree = "<group>"; };
		41F7DC661E77C74400D3F497 /* DrinkTableViewCell.m */ = {isa = PBXFileReference; fileEncoding = 4; lastKnownFileType = sourcecode.c.objc; path = DrinkTableViewCell.m; sourceTree = "<group>"; };
		41F7DC681E77C75E00D3F497 /* DrinkTableViewController.h */ = {isa = PBXFileReference; fileEncoding = 4; lastKnownFileType = sourcecode.c.h; path = DrinkTableViewController.h; sourceTree = "<group>"; };
		41F7DC691E77C75E00D3F497 /* DrinkTableViewController.m */ = {isa = PBXFileReference; fileEncoding = 4; lastKnownFileType = sourcecode.c.objc; path = DrinkTableViewController.m; sourceTree = "<group>"; };
		41F7DC6B1E77D32A00D3F497 /* ClothTableViewController.h */ = {isa = PBXFileReference; fileEncoding = 4; lastKnownFileType = sourcecode.c.h; path = ClothTableViewController.h; sourceTree = "<group>"; };
		41F7DC6C1E77D32A00D3F497 /* ClothTableViewController.m */ = {isa = PBXFileReference; fileEncoding = 4; lastKnownFileType = sourcecode.c.objc; path = ClothTableViewController.m; sourceTree = "<group>"; };
		41F7DC6E1E77D33C00D3F497 /* ClothTableViewCell.h */ = {isa = PBXFileReference; fileEncoding = 4; lastKnownFileType = sourcecode.c.h; path = ClothTableViewCell.h; sourceTree = "<group>"; };
		41F7DC6F1E77D33C00D3F497 /* ClothTableViewCell.m */ = {isa = PBXFileReference; fileEncoding = 4; lastKnownFileType = sourcecode.c.objc; path = ClothTableViewCell.m; sourceTree = "<group>"; };
		41F7DC711E77D34900D3F497 /* FoodTableViewCell.h */ = {isa = PBXFileReference; fileEncoding = 4; lastKnownFileType = sourcecode.c.h; path = FoodTableViewCell.h; sourceTree = "<group>"; };
		41F7DC721E77D34900D3F497 /* FoodTableViewCell.m */ = {isa = PBXFileReference; fileEncoding = 4; lastKnownFileType = sourcecode.c.objc; path = FoodTableViewCell.m; sourceTree = "<group>"; };
		41F7DC741E77D36A00D3F497 /* FoodTableViewController.h */ = {isa = PBXFileReference; fileEncoding = 4; lastKnownFileType = sourcecode.c.h; path = FoodTableViewController.h; sourceTree = "<group>"; };
		41F7DC751E77D36A00D3F497 /* FoodTableViewController.m */ = {isa = PBXFileReference; fileEncoding = 4; lastKnownFileType = sourcecode.c.objc; path = FoodTableViewController.m; sourceTree = "<group>"; };
/* End PBXFileReference section */

/* Begin PBXFrameworksBuildPhase section */
		41A3317D1E6FB71500CCD409 /* Frameworks */ = {
			isa = PBXFrameworksBuildPhase;
			buildActionMask = 2147483647;
			files = (
			);
			runOnlyForDeploymentPostprocessing = 0;
		};
/* End PBXFrameworksBuildPhase section */

/* Begin PBXGroup section */
		41A331771E6FB71500CCD409 = {
			isa = PBXGroup;
			children = (
				41A331821E6FB71500CCD409 /* ShoppingCartTableView */,
				41A331811E6FB71500CCD409 /* Products */,
			);
			sourceTree = "<group>";
		};
		41A331811E6FB71500CCD409 /* Products */ = {
			isa = PBXGroup;
			children = (
				41A331801E6FB71500CCD409 /* ShoppingCartTableView.app */,
			);
			name = Products;
			sourceTree = "<group>";
		};
		41A331821E6FB71500CCD409 /* ShoppingCartTableView */ = {
			isa = PBXGroup;
			children = (
				41F7DC341E76642C00D3F497 /* TableView */,
				41A331861E6FB71500CCD409 /* AppDelegate.h */,
				41A331871E6FB71500CCD409 /* AppDelegate.m */,
				41A331A41E6FB79800CCD409 /* ShoppingCart.h */,
				41A331A51E6FB79800CCD409 /* ShoppingCart.m */,
				41A3318C1E6FB71500CCD409 /* Main.storyboard */,
				41A3318F1E6FB71500CCD409 /* Assets.xcassets */,
				41A331911E6FB71500CCD409 /* LaunchScreen.storyboard */,
				41A331941E6FB71500CCD409 /* Info.plist */,
				41A331AC1E6FC28D00CCD409 /* Product */,
				41A331831E6FB71500CCD409 /* Supporting Files */,
			);
			name = ShoppingCartTableView;
			path = ShoppingCart;
			sourceTree = "<group>";
		};
		41A331831E6FB71500CCD409 /* Supporting Files */ = {
			isa = PBXGroup;
			children = (
				41A331841E6FB71500CCD409 /* main.m */,
			);
			name = "Supporting Files";
			sourceTree = "<group>";
		};
		41A331AC1E6FC28D00CCD409 /* Product */ = {
			isa = PBXGroup;
			children = (
				41A331A21E6FB79800CCD409 /* Product.h */,
				41A331A31E6FB79800CCD409 /* Product.m */,
				41A3319A1E6FB79800CCD409 /* Cloth.h */,
				41A3319B1E6FB79800CCD409 /* Cloth.m */,
				41A331A01E6FB79800CCD409 /* Material.h */,
				41A331A11E6FB79800CCD409 /* Material.m */,
				41A3319C1E6FB79800CCD409 /* Drink.h */,
				41A3319D1E6FB79800CCD409 /* Drink.m */,
				41A3319E1E6FB79800CCD409 /* Food.h */,
				41A3319F1E6FB79800CCD409 /* Food.m */,
			);
			name = Product;
			sourceTree = "<group>";
		};
		41F7DC341E76642C00D3F497 /* TableView */ = {
			isa = PBXGroup;
			children = (
				41F7DC5F1E778D9800D3F497 /* MainTableViewController.h */,
				41F7DC601E778D9800D3F497 /* MainTableViewController.m */,
				41F7DC621E778EEE00D3F497 /* MainTableViewCell.h */,
				41F7DC631E778EEE00D3F497 /* MainTableViewCell.m */,
				41F7DC6B1E77D32A00D3F497 /* ClothTableViewController.h */,
				41F7DC6C1E77D32A00D3F497 /* ClothTableViewController.m */,
				41F7DC6E1E77D33C00D3F497 /* ClothTableViewCell.h */,
				41F7DC6F1E77D33C00D3F497 /* ClothTableViewCell.m */,
				41F7DC681E77C75E00D3F497 /* DrinkTableViewController.h */,
				41F7DC691E77C75E00D3F497 /* DrinkTableViewController.m */,
				41F7DC651E77C74400D3F497 /* DrinkTableViewCell.h */,
				41F7DC661E77C74400D3F497 /* DrinkTableViewCell.m */,
				41F7DC741E77D36A00D3F497 /* FoodTableViewController.h */,
				41F7DC751E77D36A00D3F497 /* FoodTableViewController.m */,
				41F7DC711E77D34900D3F497 /* FoodTableViewCell.h */,
				41F7DC721E77D34900D3F497 /* FoodTableViewCell.m */,
				41F7DC381E766A5500D3F497 /* ItemListViewController.h */,
				41F7DC391E766A5500D3F497 /* ItemListViewController.m */,
				41F7DC311E76641D00D3F497 /* ItemsListTableViewCell.h */,
				41F7DC321E76641D00D3F497 /* ItemsListTableViewCell.m */,
			);
			name = TableView;
			sourceTree = "<group>";
		};
/* End PBXGroup section */

/* Begin PBXNativeTarget section */
		41A3317F1E6FB71500CCD409 /* ShoppingCartTableView */ = {
			isa = PBXNativeTarget;
			buildConfigurationList = 41A331971E6FB71500CCD409 /* Build configuration list for PBXNativeTarget "ShoppingCartTableView" */;
			buildPhases = (
				41A3317C1E6FB71500CCD409 /* Sources */,
				41A3317D1E6FB71500CCD409 /* Frameworks */,
				41A3317E1E6FB71500CCD409 /* Resources */,
			);
			buildRules = (
			);
			dependencies = (
			);
			name = ShoppingCartTableView;
			productName = ShoppingCart;
			productReference = 41A331801E6FB71500CCD409 /* ShoppingCartTableView.app */;
			productType = "com.apple.product-type.application";
		};
/* End PBXNativeTarget section */

/* Begin PBXProject section */
		41A331781E6FB71500CCD409 /* Project object */ = {
			isa = PBXProject;
			attributes = {
				LastUpgradeCheck = 0820;
				ORGANIZATIONNAME = CICCC;
				TargetAttributes = {
					41A3317F1E6FB71500CCD409 = {
						CreatedOnToolsVersion = 8.2.1;
						ProvisioningStyle = Automatic;
					};
				};
			};
			buildConfigurationList = 41A3317B1E6FB71500CCD409 /* Build configuration list for PBXProject "ShoppingCartTableView" */;
			compatibilityVersion = "Xcode 3.2";
			developmentRegion = English;
			hasScannedForEncodings = 0;
			knownRegions = (
				en,
				Base,
			);
			mainGroup = 41A331771E6FB71500CCD409;
			productRefGroup = 41A331811E6FB71500CCD409 /* Products */;
			projectDirPath = "";
			projectRoot = "";
			targets = (
				41A3317F1E6FB71500CCD409 /* ShoppingCartTableView */,
			);
		};
/* End PBXProject section */

/* Begin PBXResourcesBuildPhase section */
		41A3317E1E6FB71500CCD409 /* Resources */ = {
			isa = PBXResourcesBuildPhase;
			buildActionMask = 2147483647;
			files = (
				41A331931E6FB71500CCD409 /* LaunchScreen.storyboard in Resources */,
				41A331901E6FB71500CCD409 /* Assets.xcassets in Resources */,
				41A3318E1E6FB71500CCD409 /* Main.storyboard in Resources */,
			);
			runOnlyForDeploymentPostprocessing = 0;
		};
/* End PBXResourcesBuildPhase section */

/* Begin PBXSourcesBuildPhase section */
		41A3317C1E6FB71500CCD409 /* Sources */ = {
			isa = PBXSourcesBuildPhase;
			buildActionMask = 2147483647;
			files = (
				41F7DC611E778D9800D3F497 /* MainTableViewController.m in Sources */,
				41F7DC6A1E77C75E00D3F497 /* DrinkTableViewController.m in Sources */,
				41F7DC6D1E77D32A00D3F497 /* ClothTableViewController.m in Sources */,
				41F7DC731E77D34900D3F497 /* FoodTableViewCell.m in Sources */,
				41A331A61E6FB79800CCD409 /* Cloth.m in Sources */,
				41F7DC671E77C74400D3F497 /* DrinkTableViewCell.m in Sources */,
				41A331A91E6FB79800CCD409 /* Material.m in Sources */,
				41A331A71E6FB79800CCD409 /* Drink.m in Sources */,
				41A331A81E6FB79800CCD409 /* Food.m in Sources */,
				41F7DC331E76641D00D3F497 /* ItemsListTableViewCell.m in Sources */,
				41F7DC641E778EEE00D3F497 /* MainTableViewCell.m in Sources */,
				41F7DC701E77D33C00D3F497 /* ClothTableViewCell.m in Sources */,
				41A331AB1E6FB79800CCD409 /* ShoppingCart.m in Sources */,
				41A331AA1E6FB79800CCD409 /* Product.m in Sources */,
				41A331881E6FB71500CCD409 /* AppDelegate.m in Sources */,
				41F7DC3A1E766A5500D3F497 /* ItemListViewController.m in Sources */,
				41F7DC761E77D36A00D3F497 /* FoodTableViewController.m in Sources */,
				41A331851E6FB71500CCD409 /* main.m in Sources */,
			);
			runOnlyForDeploymentPostprocessing = 0;
		};
/* End PBXSourcesBuildPhase section */

/* Begin PBXVariantGroup section */
		41A3318C1E6FB71500CCD409 /* Main.storyboard */ = {
			isa = PBXVariantGroup;
			children = (
				41A3318D1E6FB71500CCD409 /* Base */,
			);
			name = Main.storyboard;
			sourceTree = "<group>";
		};
		41A331911E6FB71500CCD409 /* LaunchScreen.storyboard */ = {
			isa = PBXVariantGroup;
			children = (
				41A331921E6FB71500CCD409 /* Base */,
			);
			name = LaunchScreen.storyboard;
			sourceTree = "<group>";
		};
/* End PBXVariantGroup section */

/* Begin XCBuildConfiguration section */
		41A331951E6FB71500CCD409 /* Debug */ = {
			isa = XCBuildConfiguration;
			buildSettings = {
				ALWAYS_SEARCH_USER_PATHS = NO;
				CLANG_ANALYZER_NONNULL = YES;
				CLANG_CXX_LANGUAGE_STANDARD = "gnu++0x";
				CLANG_CXX_LIBRARY = "libc++";
				CLANG_ENABLE_MODULES = YES;
				CLANG_ENABLE_OBJC_ARC = YES;
				CLANG_WARN_BOOL_CONVERSION = YES;
				CLANG_WARN_CONSTANT_CONVERSION = YES;
				CLANG_WARN_DIRECT_OBJC_ISA_USAGE = YES_ERROR;
				CLANG_WARN_DOCUMENTATION_COMMENTS = YES;
				CLANG_WARN_EMPTY_BODY = YES;
				CLANG_WARN_ENUM_CONVERSION = YES;
				CLANG_WARN_INFINITE_RECURSION = YES;
				CLANG_WARN_INT_CONVERSION = YES;
				CLANG_WARN_OBJC_ROOT_CLASS = YES_ERROR;
				CLANG_WARN_SUSPICIOUS_MOVE = YES;
				CLANG_WARN_UNREACHABLE_CODE = YES;
				CLANG_WARN__DUPLICATE_METHOD_MATCH = YES;
				"CODE_SIGN_IDENTITY[sdk=iphoneos*]" = "iPhone Developer";
				COPY_PHASE_STRIP = NO;
				DEBUG_INFORMATION_FORMAT = dwarf;
				ENABLE_STRICT_OBJC_MSGSEND = YES;
				ENABLE_TESTABILITY = YES;
				GCC_C_LANGUAGE_STANDARD = gnu99;
				GCC_DYNAMIC_NO_PIC = NO;
				GCC_NO_COMMON_BLOCKS = YES;
				GCC_OPTIMIZATION_LEVEL = 0;
				GCC_PREPROCESSOR_DEFINITIONS = (
					"DEBUG=1",
					"$(inherited)",
				);
				GCC_WARN_64_TO_32_BIT_CONVERSION = YES;
				GCC_WARN_ABOUT_RETURN_TYPE = YES_ERROR;
				GCC_WARN_UNDECLARED_SELECTOR = YES;
				GCC_WARN_UNINITIALIZED_AUTOS = YES_AGGRESSIVE;
				GCC_WARN_UNUSED_FUNCTION = YES;
				GCC_WARN_UNUSED_VARIABLE = YES;
				IPHONEOS_DEPLOYMENT_TARGET = 10.2;
				MTL_ENABLE_DEBUG_INFO = YES;
				ONLY_ACTIVE_ARCH = YES;
				SDKROOT = iphoneos;
			};
			name = Debug;
		};
		41A331961E6FB71500CCD409 /* Release */ = {
			isa = XCBuildConfiguration;
			buildSettings = {
				ALWAYS_SEARCH_USER_PATHS = NO;
				CLANG_ANALYZER_NONNULL = YES;
				CLANG_CXX_LANGUAGE_STANDARD = "gnu++0x";
				CLANG_CXX_LIBRARY = "libc++";
				CLANG_ENABLE_MODULES = YES;
				CLANG_ENABLE_OBJC_ARC = YES;
				CLANG_WARN_BOOL_CONVERSION = YES;
				CLANG_WARN_CONSTANT_CONVERSION = YES;
				CLANG_WARN_DIRECT_OBJC_ISA_USAGE = YES_ERROR;
				CLANG_WARN_DOCUMENTATION_COMMENTS = YES;
				CLANG_WARN_EMPTY_BODY = YES;
				CLANG_WARN_ENUM_CONVERSION = YES;
				CLANG_WARN_INFINITE_RECURSION = YES;
				CLANG_WARN_INT_CONVERSION = YES;
				CLANG_WARN_OBJC_ROOT_CLASS = YES_ERROR;
				CLANG_WARN_SUSPICIOUS_MOVE = YES;
				CLANG_WARN_UNREACHABLE_CODE = YES;
				CLANG_WARN__DUPLICATE_METHOD_MATCH = YES;
				"CODE_SIGN_IDENTITY[sdk=iphoneos*]" = "iPhone Developer";
				COPY_PHASE_STRIP = NO;
				DEBUG_INFORMATION_FORMAT = "dwarf-with-dsym";
				ENABLE_NS_ASSERTIONS = NO;
				ENABLE_STRICT_OBJC_MSGSEND = YES;
				GCC_C_LANGUAGE_STANDARD = gnu99;
				GCC_NO_COMMON_BLOCKS = YES;
				GCC_WARN_64_TO_32_BIT_CONVERSION = YES;
				GCC_WARN_ABOUT_RETURN_TYPE = YES_ERROR;
				GCC_WARN_UNDECLARED_SELECTOR = YES;
				GCC_WARN_UNINITIALIZED_AUTOS = YES_AGGRESSIVE;
				GCC_WARN_UNUSED_FUNCTION = YES;
				GCC_WARN_UNUSED_VARIABLE = YES;
				IPHONEOS_DEPLOYMENT_TARGET = 10.2;
				MTL_ENABLE_DEBUG_INFO = NO;
				SDKROOT = iphoneos;
				VALIDATE_PRODUCT = YES;
			};
			name = Release;
		};
		41A331981E6FB71500CCD409 /* Debug */ = {
			isa = XCBuildConfiguration;
			buildSettings = {
				ASSETCATALOG_COMPILER_APPICON_NAME = AppIcon;
				INFOPLIST_FILE = ShoppingCart/Info.plist;
				LD_RUNPATH_SEARCH_PATHS = "$(inherited) @executable_path/Frameworks";
				PRODUCT_BUNDLE_IDENTIFIER = ca.CICCC.ShoppingCart;
				PRODUCT_NAME = "$(TARGET_NAME)";
			};
			name = Debug;
		};
		41A331991E6FB71500CCD409 /* Release */ = {
			isa = XCBuildConfiguration;
			buildSettings = {
				ASSETCATALOG_COMPILER_APPICON_NAME = AppIcon;
				INFOPLIST_FILE = ShoppingCart/Info.plist;
				LD_RUNPATH_SEARCH_PATHS = "$(inherited) @executable_path/Frameworks";
				PRODUCT_BUNDLE_IDENTIFIER = ca.CICCC.ShoppingCart;
				PRODUCT_NAME = "$(TARGET_NAME)";
			};
			name = Release;
		};
/* End XCBuildConfiguration section */

/* Begin XCConfigurationList section */
		41A3317B1E6FB71500CCD409 /* Build configuration list for PBXProject "ShoppingCartTableView" */ = {
			isa = XCConfigurationList;
			buildConfigurations = (
				41A331951E6FB71500CCD409 /* Debug */,
				41A331961E6FB71500CCD409 /* Release */,
			);
			defaultConfigurationIsVisible = 0;
			defaultConfigurationName = Release;
		};
		41A331971E6FB71500CCD409 /* Build configuration list for PBXNativeTarget "ShoppingCartTableView" */ = {
			isa = XCConfigurationList;
			buildConfigurations = (
				41A331981E6FB71500CCD409 /* Debug */,
				41A331991E6FB71500CCD409 /* Release */,
			);
			defaultConfigurationIsVisible = 0;
			defaultConfigurationName = Release;
		};
/* End XCConfigurationList section */
	};
	rootObject = 41A331781E6FB71500CCD409 /* Project object */;
}
